
Microsoft Visual Studio Solution File, Format Version 12.00
# Visual Studio Version 17
VisualStudioVersion = 17.11.35219.272
MinimumVisualStudioVersion = 10.0.40219.1
Project("{FAE04EC0-301F-11D3-BF4B-00C04F79EFBC}") = "NvhLesson05", "NvhLesson05\NvhLesson05.csproj", "{50DDAAB8-ED96-49A3-838A-8B4573980322}"
EndProject
Global
	GlobalSection(SolutionConfigurationPlatforms) = preSolution
		Debug|Any CPU = Debug|Any CPU
		Release|Any CPU = Release|Any CPU
	EndGlobalSection
	GlobalSection(ProjectConfigurationPlatforms) = postSolution
		{50DDAAB8-ED96-49A3-838A-8B4573980322}.Debug|Any CPU.ActiveCfg = Debug|Any CPU
		{50DDAAB8-ED96-49A3-838A-8B4573980322}.Debug|Any CPU.Build.0 = Debug|Any CPU
		{50DDAAB8-ED96-49A3-838A-8B4573980322}.Release|Any CPU.ActiveCfg = Release|Any CPU
		{50DDAAB8-ED96-49A3-838A-8B4573980322}.Release|Any CPU.Build.0 = Release|Any CPU
	EndGlobalSection
	GlobalSection(SolutionProperties) = preSolution
		HideSolutionNode = FALSE
	EndGlobalSection
	GlobalSection(ExtensibilityGlobals) = postSolution
		SolutionGuid = {CA4D2323-ACDE-4DD3-A868-D1D7D6D58D1F}
	EndGlobalSection
EndGlobal
