
Microsoft Visual Studio Solution File, Format Version 12.00
# Visual Studio Version 17
VisualStudioVersion = 17.11.35219.272
MinimumVisualStudioVersion = 10.0.40219.1
Project("{FAE04EC0-301F-11D3-BF4B-00C04F79EFBC}") = "NvhLesson10EF", "NvhLesson10EF.csproj", "{65230F67-C8FA-440F-8BB4-1EE1C362C7ED}"
EndProject
Global
	GlobalSection(SolutionConfigurationPlatforms) = preSolution
		Debug|Any CPU = Debug|Any CPU
		Release|Any CPU = Release|Any CPU
	EndGlobalSection
	GlobalSection(ProjectConfigurationPlatforms) = postSolution
		{65230F67-C8FA-440F-8BB4-1EE1C362C7ED}.Debug|Any CPU.ActiveCfg = Debug|Any CPU
		{65230F67-C8FA-440F-8BB4-1EE1C362C7ED}.Debug|Any CPU.Build.0 = Debug|Any CPU
		{65230F67-C8FA-440F-8BB4-1EE1C362C7ED}.Release|Any CPU.ActiveCfg = Release|Any CPU
		{65230F67-C8FA-440F-8BB4-1EE1C362C7ED}.Release|Any CPU.Build.0 = Release|Any CPU
	EndGlobalSection
	GlobalSection(SolutionProperties) = preSolution
		HideSolutionNode = FALSE
	EndGlobalSection
	GlobalSection(ExtensibilityGlobals) = postSolution
		SolutionGuid = {355018E4-4E33-4394-8EB6-F0AB15D308C2}
	EndGlobalSection
EndGlobal
