
Microsoft Visual Studio Solution File, Format Version 12.00
# Visual Studio Version 17
VisualStudioVersion = 17.11.35219.272
MinimumVisualStudioVersion = 10.0.40219.1
Project("{FAE04EC0-301F-11D3-BF4B-00C04F79EFBC}") = "Nvh2310900042_lab11", "Nvh2310900042_lab11.csproj", "{14684013-1FEB-4C26-933D-9EC56BE43D8E}"
EndProject
Global
	GlobalSection(SolutionConfigurationPlatforms) = preSolution
		Debug|Any CPU = Debug|Any CPU
		Release|Any CPU = Release|Any CPU
	EndGlobalSection
	GlobalSection(ProjectConfigurationPlatforms) = postSolution
		{14684013-1FEB-4C26-933D-9EC56BE43D8E}.Debug|Any CPU.ActiveCfg = Debug|Any CPU
		{14684013-1FEB-4C26-933D-9EC56BE43D8E}.Debug|Any CPU.Build.0 = Debug|Any CPU
		{14684013-1FEB-4C26-933D-9EC56BE43D8E}.Release|Any CPU.ActiveCfg = Release|Any CPU
		{14684013-1FEB-4C26-933D-9EC56BE43D8E}.Release|Any CPU.Build.0 = Release|Any CPU
	EndGlobalSection
	GlobalSection(SolutionProperties) = preSolution
		HideSolutionNode = FALSE
	EndGlobalSection
	GlobalSection(ExtensibilityGlobals) = postSolution
		SolutionGuid = {00E02BD4-35FE-4543-9299-6B9C877C45A7}
	EndGlobalSection
EndGlobal
