
Microsoft Visual Studio Solution File, Format Version 12.00
# Visual Studio Version 17
VisualStudioVersion = 17.11.35219.272
MinimumVisualStudioVersion = 10.0.40219.1
Project("{FAE04EC0-301F-11D3-BF4B-00C04F79EFBC}") = "NvhWebBanHang", "NvhWebBanHang\NvhWebBanHang.csproj", "{09A7A88B-B5A4-4BF7-B4C7-66F6D107B586}"
EndProject
Global
	GlobalSection(SolutionConfigurationPlatforms) = preSolution
		Debug|Any CPU = Debug|Any CPU
		Release|Any CPU = Release|Any CPU
	EndGlobalSection
	GlobalSection(ProjectConfigurationPlatforms) = postSolution
		{09A7A88B-B5A4-4BF7-B4C7-66F6D107B586}.Debug|Any CPU.ActiveCfg = Debug|Any CPU
		{09A7A88B-B5A4-4BF7-B4C7-66F6D107B586}.Debug|Any CPU.Build.0 = Debug|Any CPU
		{09A7A88B-B5A4-4BF7-B4C7-66F6D107B586}.Release|Any CPU.ActiveCfg = Release|Any CPU
		{09A7A88B-B5A4-4BF7-B4C7-66F6D107B586}.Release|Any CPU.Build.0 = Release|Any CPU
	EndGlobalSection
	GlobalSection(SolutionProperties) = preSolution
		HideSolutionNode = FALSE
	EndGlobalSection
	GlobalSection(ExtensibilityGlobals) = postSolution
		SolutionGuid = {152BCAA0-AE6A-4378-85A5-DF1698D0FB0F}
	EndGlobalSection
EndGlobal
