
Microsoft Visual Studio Solution File, Format Version 12.00
# Visual Studio Version 17
VisualStudioVersion = 17.11.35219.272
MinimumVisualStudioVersion = 10.0.40219.1
Project("{FAE04EC0-301F-11D3-BF4B-00C04F79EFBC}") = "Nvhlesson04", "Nvhlesson04\Nvhlesson04.csproj", "{EA764132-2BA2-4CDF-AA51-32AD0DF2F86B}"
EndProject
Global
	GlobalSection(SolutionConfigurationPlatforms) = preSolution
		Debug|Any CPU = Debug|Any CPU
		Release|Any CPU = Release|Any CPU
	EndGlobalSection
	GlobalSection(ProjectConfigurationPlatforms) = postSolution
		{EA764132-2BA2-4CDF-AA51-32AD0DF2F86B}.Debug|Any CPU.ActiveCfg = Debug|Any CPU
		{EA764132-2BA2-4CDF-AA51-32AD0DF2F86B}.Debug|Any CPU.Build.0 = Debug|Any CPU
		{EA764132-2BA2-4CDF-AA51-32AD0DF2F86B}.Release|Any CPU.ActiveCfg = Release|Any CPU
		{EA764132-2BA2-4CDF-AA51-32AD0DF2F86B}.Release|Any CPU.Build.0 = Release|Any CPU
	EndGlobalSection
	GlobalSection(SolutionProperties) = preSolution
		HideSolutionNode = FALSE
	EndGlobalSection
	GlobalSection(ExtensibilityGlobals) = postSolution
		SolutionGuid = {CAA72C4F-C00E-4ABB-A631-262164DFF3A4}
	EndGlobalSection
EndGlobal
