
Microsoft Visual Studio Solution File, Format Version 12.00
# Visual Studio Version 17
VisualStudioVersion = 17.11.35219.272
MinimumVisualStudioVersion = 10.0.40219.1
Project("{FAE04EC0-301F-11D3-BF4B-00C04F79EFBC}") = "NvhLesson08Annotation", "NvhLesson08Annotation.csproj", "{AC787629-64FD-4255-85C6-A4B5A4785BA9}"
EndProject
Global
	GlobalSection(SolutionConfigurationPlatforms) = preSolution
		Debug|Any CPU = Debug|Any CPU
		Release|Any CPU = Release|Any CPU
	EndGlobalSection
	GlobalSection(ProjectConfigurationPlatforms) = postSolution
		{AC787629-64FD-4255-85C6-A4B5A4785BA9}.Debug|Any CPU.ActiveCfg = Debug|Any CPU
		{AC787629-64FD-4255-85C6-A4B5A4785BA9}.Debug|Any CPU.Build.0 = Debug|Any CPU
		{AC787629-64FD-4255-85C6-A4B5A4785BA9}.Release|Any CPU.ActiveCfg = Release|Any CPU
		{AC787629-64FD-4255-85C6-A4B5A4785BA9}.Release|Any CPU.Build.0 = Release|Any CPU
	EndGlobalSection
	GlobalSection(SolutionProperties) = preSolution
		HideSolutionNode = FALSE
	EndGlobalSection
	GlobalSection(ExtensibilityGlobals) = postSolution
		SolutionGuid = {914CD550-2D09-4738-80C0-1D0CD4143E69}
	EndGlobalSection
EndGlobal
